
Microsoft Visual Studio Solution File, Format Version 12.00
# Visual Studio Version 16
VisualStudioVersion = 16.0.30621.155
MinimumVisualStudioVersion = 10.0.40219.1
Project("{FAE04EC0-301F-11D3-BF4B-00C04F79EFBC}") = "Dijkstra", "Dijkstra.csproj", "{267F10B5-16BF-44C9-B6E1-791F304C3B42}"
EndProject
Global
	GlobalSection(SolutionConfigurationPlatforms) = preSolution
		Debug|Any CPU = Debug|Any CPU
		Release|Any CPU = Release|Any CPU
	EndGlobalSection
	GlobalSection(ProjectConfigurationPlatforms) = postSolution
		{267F10B5-16BF-44C9-B6E1-791F304C3B42}.Debug|Any CPU.ActiveCfg = Debug|Any CPU
		{267F10B5-16BF-44C9-B6E1-791F304C3B42}.Debug|Any CPU.Build.0 = Debug|Any CPU
		{267F10B5-16BF-44C9-B6E1-791F304C3B42}.Release|Any CPU.ActiveCfg = Release|Any CPU
		{267F10B5-16BF-44C9-B6E1-791F304C3B42}.Release|Any CPU.Build.0 = Release|Any CPU
	EndGlobalSection
	GlobalSection(SolutionProperties) = preSolution
		HideSolutionNode = FALSE
	EndGlobalSection
	GlobalSection(ExtensibilityGlobals) = postSolution
		SolutionGuid = {5B3A471E-607A-4D5A-9162-7D1895EE907F}
	EndGlobalSection
EndGlobal
