
Microsoft Visual Studio Solution File, Format Version 12.00
# Visual Studio Version 16
VisualStudioVersion = 16.0.30621.155
MinimumVisualStudioVersion = 10.0.40219.1
Project("{FAE04EC0-301F-11D3-BF4B-00C04F79EFBC}") = "Greedy", "Greedy.csproj", "{AFF692ED-AFAF-454B-8BC2-DE48994488B6}"
EndProject
Global
	GlobalSection(SolutionConfigurationPlatforms) = preSolution
		Debug|Any CPU = Debug|Any CPU
		Release|Any CPU = Release|Any CPU
	EndGlobalSection
	GlobalSection(ProjectConfigurationPlatforms) = postSolution
		{AFF692ED-AFAF-454B-8BC2-DE48994488B6}.Debug|Any CPU.ActiveCfg = Debug|Any CPU
		{AFF692ED-AFAF-454B-8BC2-DE48994488B6}.Debug|Any CPU.Build.0 = Debug|Any CPU
		{AFF692ED-AFAF-454B-8BC2-DE48994488B6}.Release|Any CPU.ActiveCfg = Release|Any CPU
		{AFF692ED-AFAF-454B-8BC2-DE48994488B6}.Release|Any CPU.Build.0 = Release|Any CPU
	EndGlobalSection
	GlobalSection(SolutionProperties) = preSolution
		HideSolutionNode = FALSE
	EndGlobalSection
	GlobalSection(ExtensibilityGlobals) = postSolution
		SolutionGuid = {2717E1AD-6452-4A08-B2DF-701610DEC127}
	EndGlobalSection
EndGlobal
