
Microsoft Visual Studio Solution File, Format Version 12.00
# Visual Studio Version 16
VisualStudioVersion = 16.0.30225.117
MinimumVisualStudioVersion = 10.0.40219.1
Project("{9A19103F-16F7-4668-BE54-9A1E7A4F7556}") = "DataStructures", "DataStructures.csproj", "{33CBFF89-D935-4E5D-9964-E40CD7C82744}"
EndProject
Global
	GlobalSection(SolutionConfigurationPlatforms) = preSolution
		Debug|Any CPU = Debug|Any CPU
		Release|Any CPU = Release|Any CPU
	EndGlobalSection
	GlobalSection(ProjectConfigurationPlatforms) = postSolution
		{33CBFF89-D935-4E5D-9964-E40CD7C82744}.Debug|Any CPU.ActiveCfg = Debug|Any CPU
		{33CBFF89-D935-4E5D-9964-E40CD7C82744}.Debug|Any CPU.Build.0 = Debug|Any CPU
		{33CBFF89-D935-4E5D-9964-E40CD7C82744}.Release|Any CPU.ActiveCfg = Release|Any CPU
		{33CBFF89-D935-4E5D-9964-E40CD7C82744}.Release|Any CPU.Build.0 = Release|Any CPU
	EndGlobalSection
	GlobalSection(SolutionProperties) = preSolution
		HideSolutionNode = FALSE
	EndGlobalSection
	GlobalSection(ExtensibilityGlobals) = postSolution
		SolutionGuid = {41AF471E-CF0F-412D-943E-2B093D8D1CF3}
	EndGlobalSection
EndGlobal
