
Microsoft Visual Studio Solution File, Format Version 12.00
# Visual Studio Version 16
VisualStudioVersion = 16.0.30804.86
MinimumVisualStudioVersion = 10.0.40219.1
Project("{FAE04EC0-301F-11D3-BF4B-00C04F79EFBC}") = "Knapsack", "Knapsack\Knapsack.csproj", "{7424C42B-1598-4F7D-869F-0B23D678FAD3}"
EndProject
Global
	GlobalSection(SolutionConfigurationPlatforms) = preSolution
		Debug|Any CPU = Debug|Any CPU
		Release|Any CPU = Release|Any CPU
	EndGlobalSection
	GlobalSection(ProjectConfigurationPlatforms) = postSolution
		{7424C42B-1598-4F7D-869F-0B23D678FAD3}.Debug|Any CPU.ActiveCfg = Debug|Any CPU
		{7424C42B-1598-4F7D-869F-0B23D678FAD3}.Debug|Any CPU.Build.0 = Debug|Any CPU
		{7424C42B-1598-4F7D-869F-0B23D678FAD3}.Release|Any CPU.ActiveCfg = Release|Any CPU
		{7424C42B-1598-4F7D-869F-0B23D678FAD3}.Release|Any CPU.Build.0 = Release|Any CPU
	EndGlobalSection
	GlobalSection(SolutionProperties) = preSolution
		HideSolutionNode = FALSE
	EndGlobalSection
	GlobalSection(ExtensibilityGlobals) = postSolution
		SolutionGuid = {4BEBC202-647A-44B1-9F58-8BC95C919F9E}
	EndGlobalSection
EndGlobal
