
Microsoft Visual Studio Solution File, Format Version 12.00
# Visual Studio Version 16
VisualStudioVersion = 16.0.30523.141
MinimumVisualStudioVersion = 10.0.40219.1
Project("{FAE04EC0-301F-11D3-BF4B-00C04F79EFBC}") = "SortItOut", "SortItOut.csproj", "{B2715417-23AE-464B-A66B-640A5BB4EB23}"
EndProject
Global
	GlobalSection(SolutionConfigurationPlatforms) = preSolution
		Debug|Any CPU = Debug|Any CPU
		Release|Any CPU = Release|Any CPU
	EndGlobalSection
	GlobalSection(ProjectConfigurationPlatforms) = postSolution
		{B2715417-23AE-464B-A66B-640A5BB4EB23}.Debug|Any CPU.ActiveCfg = Debug|Any CPU
		{B2715417-23AE-464B-A66B-640A5BB4EB23}.Debug|Any CPU.Build.0 = Debug|Any CPU
		{B2715417-23AE-464B-A66B-640A5BB4EB23}.Release|Any CPU.ActiveCfg = Release|Any CPU
		{B2715417-23AE-464B-A66B-640A5BB4EB23}.Release|Any CPU.Build.0 = Release|Any CPU
	EndGlobalSection
	GlobalSection(SolutionProperties) = preSolution
		HideSolutionNode = FALSE
	EndGlobalSection
	GlobalSection(ExtensibilityGlobals) = postSolution
		SolutionGuid = {5C9F6F34-3DC8-4BC3-96EA-A6EA9E0A6009}
	EndGlobalSection
EndGlobal
